
Microsoft Visual Studio Solution File, Format Version 12.00
# Visual Studio Version 16
VisualStudioVersion = 16.0.35826.135
MinimumVisualStudioVersion = 10.0.40219.1
Project("{8BC9CEB8-8B4A-11D0-8D11-00A0C91BC942}") = "Project1_ArrayList", "Project1_ArrayList.vcxproj", "{38CEF66E-77F7-4CC9-AF53-D62F05270AE0}"
EndProject
Global
	GlobalSection(SolutionConfigurationPlatforms) = preSolution
		Debug|x64 = Debug|x64
		Debug|x86 = Debug|x86
		Release|x64 = Release|x64
		Release|x86 = Release|x86
	EndGlobalSection
	GlobalSection(ProjectConfigurationPlatforms) = postSolution
		{38CEF66E-77F7-4CC9-AF53-D62F05270AE0}.Debug|x64.ActiveCfg = Debug|x64
		{38CEF66E-77F7-4CC9-AF53-D62F05270AE0}.Debug|x64.Build.0 = Debug|x64
		{38CEF66E-77F7-4CC9-AF53-D62F05270AE0}.Debug|x86.ActiveCfg = Debug|Win32
		{38CEF66E-77F7-4CC9-AF53-D62F05270AE0}.Debug|x86.Build.0 = Debug|Win32
		{38CEF66E-77F7-4CC9-AF53-D62F05270AE0}.Release|x64.ActiveCfg = Release|x64
		{38CEF66E-77F7-4CC9-AF53-D62F05270AE0}.Release|x64.Build.0 = Release|x64
		{38CEF66E-77F7-4CC9-AF53-D62F05270AE0}.Release|x86.ActiveCfg = Release|Win32
		{38CEF66E-77F7-4CC9-AF53-D62F05270AE0}.Release|x86.Build.0 = Release|Win32
	EndGlobalSection
	GlobalSection(SolutionProperties) = preSolution
		HideSolutionNode = FALSE
	EndGlobalSection
	GlobalSection(ExtensibilityGlobals) = postSolution
		SolutionGuid = {354C1D0E-75FB-4467-9733-ADB76A6A948D}
	EndGlobalSection
EndGlobal
