
Microsoft Visual Studio Solution File, Format Version 12.00
# Visual Studio Version 16
VisualStudioVersion = 16.0.35826.135
MinimumVisualStudioVersion = 10.0.40219.1
Project("{8BC9CEB8-8B4A-11D0-8D11-00A0C91BC942}") = "Exercise1_RemoveElements", "Exercise1_RemoveElements\Exercise1_RemoveElements.vcxproj", "{46A91B94-76A7-437E-9135-640D2D61A843}"
EndProject
Global
	GlobalSection(SolutionConfigurationPlatforms) = preSolution
		Debug|x64 = Debug|x64
		Debug|x86 = Debug|x86
		Release|x64 = Release|x64
		Release|x86 = Release|x86
	EndGlobalSection
	GlobalSection(ProjectConfigurationPlatforms) = postSolution
		{46A91B94-76A7-437E-9135-640D2D61A843}.Debug|x64.ActiveCfg = Debug|x64
		{46A91B94-76A7-437E-9135-640D2D61A843}.Debug|x64.Build.0 = Debug|x64
		{46A91B94-76A7-437E-9135-640D2D61A843}.Debug|x86.ActiveCfg = Debug|Win32
		{46A91B94-76A7-437E-9135-640D2D61A843}.Debug|x86.Build.0 = Debug|Win32
		{46A91B94-76A7-437E-9135-640D2D61A843}.Release|x64.ActiveCfg = Release|x64
		{46A91B94-76A7-437E-9135-640D2D61A843}.Release|x64.Build.0 = Release|x64
		{46A91B94-76A7-437E-9135-640D2D61A843}.Release|x86.ActiveCfg = Release|Win32
		{46A91B94-76A7-437E-9135-640D2D61A843}.Release|x86.Build.0 = Release|Win32
	EndGlobalSection
	GlobalSection(SolutionProperties) = preSolution
		HideSolutionNode = FALSE
	EndGlobalSection
	GlobalSection(ExtensibilityGlobals) = postSolution
		SolutionGuid = {AFBD6448-8A3C-4A5B-9C87-3DB0B46C2BE0}
	EndGlobalSection
EndGlobal
