
Microsoft Visual Studio Solution File, Format Version 12.00
# Visual Studio Version 16
VisualStudioVersion = 16.0.32929.386
MinimumVisualStudioVersion = 10.0.40219.1
Project("{8BC9CEB8-8B4A-11D0-8D11-00A0C91BC942}") = "Project10_Conrtacts2", "Project10_Conrtacts2\Project10_Conrtacts2.vcxproj", "{799D3C04-CCA9-4616-9C95-06236FF74CAB}"
EndProject
Global
	GlobalSection(SolutionConfigurationPlatforms) = preSolution
		Debug|x64 = Debug|x64
		Debug|x86 = Debug|x86
		Release|x64 = Release|x64
		Release|x86 = Release|x86
	EndGlobalSection
	GlobalSection(ProjectConfigurationPlatforms) = postSolution
		{799D3C04-CCA9-4616-9C95-06236FF74CAB}.Debug|x64.ActiveCfg = Debug|x64
		{799D3C04-CCA9-4616-9C95-06236FF74CAB}.Debug|x64.Build.0 = Debug|x64
		{799D3C04-CCA9-4616-9C95-06236FF74CAB}.Debug|x86.ActiveCfg = Debug|Win32
		{799D3C04-CCA9-4616-9C95-06236FF74CAB}.Debug|x86.Build.0 = Debug|Win32
		{799D3C04-CCA9-4616-9C95-06236FF74CAB}.Release|x64.ActiveCfg = Release|x64
		{799D3C04-CCA9-4616-9C95-06236FF74CAB}.Release|x64.Build.0 = Release|x64
		{799D3C04-CCA9-4616-9C95-06236FF74CAB}.Release|x86.ActiveCfg = Release|Win32
		{799D3C04-CCA9-4616-9C95-06236FF74CAB}.Release|x86.Build.0 = Release|Win32
	EndGlobalSection
	GlobalSection(SolutionProperties) = preSolution
		HideSolutionNode = FALSE
	EndGlobalSection
	GlobalSection(ExtensibilityGlobals) = postSolution
		SolutionGuid = {6257C9A1-4A7E-4616-A5BF-8E755F14881C}
	EndGlobalSection
EndGlobal
